
Microsoft Visual Studio Solution File, Format Version 12.00
# Visual Studio Version 16
VisualStudioVersion = 16.0.31410.357
MinimumVisualStudioVersion = 10.0.40219.1
Project("{FAE04EC0-301F-11D3-BF4B-00C04F79EFBC}") = "SalesWebMVC", "SalesWebMVC.csproj", "{3528CCB0-24AF-49E7-8E08-ECFF4259CDAA}"
EndProject
Global
	GlobalSection(SolutionConfigurationPlatforms) = preSolution
		Debug|Any CPU = Debug|Any CPU
		Release|Any CPU = Release|Any CPU
	EndGlobalSection
	GlobalSection(ProjectConfigurationPlatforms) = postSolution
		{3528CCB0-24AF-49E7-8E08-ECFF4259CDAA}.Debug|Any CPU.ActiveCfg = Debug|Any CPU
		{3528CCB0-24AF-49E7-8E08-ECFF4259CDAA}.Debug|Any CPU.Build.0 = Debug|Any CPU
		{3528CCB0-24AF-49E7-8E08-ECFF4259CDAA}.Release|Any CPU.ActiveCfg = Release|Any CPU
		{3528CCB0-24AF-49E7-8E08-ECFF4259CDAA}.Release|Any CPU.Build.0 = Release|Any CPU
	EndGlobalSection
	GlobalSection(SolutionProperties) = preSolution
		HideSolutionNode = FALSE
	EndGlobalSection
	GlobalSection(ExtensibilityGlobals) = postSolution
		SolutionGuid = {4CAA7597-F5B9-4792-8B37-2CBD34CFFB88}
	EndGlobalSection
EndGlobal
